
Microsoft Visual Studio Solution File, Format Version 12.00
# Visual Studio Version 16
VisualStudioVersion = 16.0.30523.141
MinimumVisualStudioVersion = 10.0.40219.1
Project("{FAE04EC0-301F-11D3-BF4B-00C04F79EFBC}") = "PRA_WebAPI", "PRA_WebAPI.csproj", "{5573E36D-BF1D-48FD-BA70-FA879DC1428E}"
EndProject
Global
	GlobalSection(SolutionConfigurationPlatforms) = preSolution
		Debug|Any CPU = Debug|Any CPU
		Release|Any CPU = Release|Any CPU
	EndGlobalSection
	GlobalSection(ProjectConfigurationPlatforms) = postSolution
		{5573E36D-BF1D-48FD-BA70-FA879DC1428E}.Debug|Any CPU.ActiveCfg = Debug|Any CPU
		{5573E36D-BF1D-48FD-BA70-FA879DC1428E}.Debug|Any CPU.Build.0 = Debug|Any CPU
		{5573E36D-BF1D-48FD-BA70-FA879DC1428E}.Release|Any CPU.ActiveCfg = Release|Any CPU
		{5573E36D-BF1D-48FD-BA70-FA879DC1428E}.Release|Any CPU.Build.0 = Release|Any CPU
	EndGlobalSection
	GlobalSection(SolutionProperties) = preSolution
		HideSolutionNode = FALSE
	EndGlobalSection
	GlobalSection(ExtensibilityGlobals) = postSolution
		SolutionGuid = {D4BAAF90-BA57-4B2C-B87B-08A947F12C1B}
	EndGlobalSection
EndGlobal
